
Microsoft Visual Studio Solution File, Format Version 12.00
# Visual Studio Version 16
VisualStudioVersion = 16.0.31205.134
MinimumVisualStudioVersion = 10.0.40219.1
Project("{FAE04EC0-301F-11D3-BF4B-00C04F79EFBC}") = "ApplicationBundleLauncher", "ApplicationBundleLauncher\ApplicationBundleLauncher.csproj", "{FEA3F935-9FBD-4FCB-9FEB-46D1D22AE28A}"
EndProject
Global
	GlobalSection(SolutionConfigurationPlatforms) = preSolution
		Debug|Any CPU = Debug|Any CPU
		Release|Any CPU = Release|Any CPU
	EndGlobalSection
	GlobalSection(ProjectConfigurationPlatforms) = postSolution
		{FEA3F935-9FBD-4FCB-9FEB-46D1D22AE28A}.Debug|Any CPU.ActiveCfg = Debug|Any CPU
		{FEA3F935-9FBD-4FCB-9FEB-46D1D22AE28A}.Debug|Any CPU.Build.0 = Debug|Any CPU
		{FEA3F935-9FBD-4FCB-9FEB-46D1D22AE28A}.Release|Any CPU.ActiveCfg = Release|Any CPU
		{FEA3F935-9FBD-4FCB-9FEB-46D1D22AE28A}.Release|Any CPU.Build.0 = Release|Any CPU
	EndGlobalSection
	GlobalSection(SolutionProperties) = preSolution
		HideSolutionNode = FALSE
	EndGlobalSection
	GlobalSection(ExtensibilityGlobals) = postSolution
		SolutionGuid = {B5BA6E2B-2411-4A90-A0A4-A68E960856BD}
	EndGlobalSection
EndGlobal
